
Microsoft Visual Studio Solution File, Format Version 12.00
# Visual Studio Version 17
VisualStudioVersion = 17.5.002.0
MinimumVisualStudioVersion = 10.0.40219.1
Project("{9A19103F-16F7-4668-BE54-9A1E7A4F7556}") = "api", "api\api.csproj", "{E7E411B2-69C9-4FE3-9954-58C36E171AA8}"
EndProject
Project("{9A19103F-16F7-4668-BE54-9A1E7A4F7556}") = "Entities", "Entities\Entities.csproj", "{C12AA84F-8876-49A2-AFC2-FBF07922478E}"
EndProject
Project("{9A19103F-16F7-4668-BE54-9A1E7A4F7556}") = "Repository", "Repository\Repository.csproj", "{0C8AE8D1-F632-4203-A307-05674B25CA1B}"
EndProject
Project("{9A19103F-16F7-4668-BE54-9A1E7A4F7556}") = "Contracts", "Contracts\Contracts.csproj", "{24C49853-CDCB-43C1-A065-FF5B1F74ED94}"
EndProject
Project("{9A19103F-16F7-4668-BE54-9A1E7A4F7556}") = "Service.Contracts", "Service.Contracts\Service.Contracts.csproj", "{FE0C7F09-F5DD-40F8-990C-E9EB63E6D529}"
EndProject
Project("{9A19103F-16F7-4668-BE54-9A1E7A4F7556}") = "Service", "Service\Service.csproj", "{9F6941FE-C695-4BE3-9E87-12952C3206DD}"
EndProject
Project("{9A19103F-16F7-4668-BE54-9A1E7A4F7556}") = "CompanyEmployees.Presentation", "CompanyEmployees.Presentation\CompanyEmployees.Presentation.csproj", "{AF19E524-AF29-46A3-8A1C-61B1DE68287A}"
EndProject
Project("{FAE04EC0-301F-11D3-BF4B-00C04F79EFBC}") = "LoggerService", "LoggerService\LoggerService.csproj", "{6A46D252-FF5C-448F-8E34-9EA468E405FC}"
EndProject
Global
	GlobalSection(SolutionConfigurationPlatforms) = preSolution
		Debug|Any CPU = Debug|Any CPU
		Release|Any CPU = Release|Any CPU
	EndGlobalSection
	GlobalSection(ProjectConfigurationPlatforms) = postSolution
		{E7E411B2-69C9-4FE3-9954-58C36E171AA8}.Debug|Any CPU.ActiveCfg = Debug|Any CPU
		{E7E411B2-69C9-4FE3-9954-58C36E171AA8}.Debug|Any CPU.Build.0 = Debug|Any CPU
		{E7E411B2-69C9-4FE3-9954-58C36E171AA8}.Release|Any CPU.ActiveCfg = Release|Any CPU
		{E7E411B2-69C9-4FE3-9954-58C36E171AA8}.Release|Any CPU.Build.0 = Release|Any CPU
		{C12AA84F-8876-49A2-AFC2-FBF07922478E}.Debug|Any CPU.ActiveCfg = Debug|Any CPU
		{C12AA84F-8876-49A2-AFC2-FBF07922478E}.Debug|Any CPU.Build.0 = Debug|Any CPU
		{C12AA84F-8876-49A2-AFC2-FBF07922478E}.Release|Any CPU.ActiveCfg = Release|Any CPU
		{C12AA84F-8876-49A2-AFC2-FBF07922478E}.Release|Any CPU.Build.0 = Release|Any CPU
		{0C8AE8D1-F632-4203-A307-05674B25CA1B}.Debug|Any CPU.ActiveCfg = Debug|Any CPU
		{0C8AE8D1-F632-4203-A307-05674B25CA1B}.Debug|Any CPU.Build.0 = Debug|Any CPU
		{0C8AE8D1-F632-4203-A307-05674B25CA1B}.Release|Any CPU.ActiveCfg = Release|Any CPU
		{0C8AE8D1-F632-4203-A307-05674B25CA1B}.Release|Any CPU.Build.0 = Release|Any CPU
		{24C49853-CDCB-43C1-A065-FF5B1F74ED94}.Debug|Any CPU.ActiveCfg = Debug|Any CPU
		{24C49853-CDCB-43C1-A065-FF5B1F74ED94}.Debug|Any CPU.Build.0 = Debug|Any CPU
		{24C49853-CDCB-43C1-A065-FF5B1F74ED94}.Release|Any CPU.ActiveCfg = Release|Any CPU
		{24C49853-CDCB-43C1-A065-FF5B1F74ED94}.Release|Any CPU.Build.0 = Release|Any CPU
		{FE0C7F09-F5DD-40F8-990C-E9EB63E6D529}.Debug|Any CPU.ActiveCfg = Debug|Any CPU
		{FE0C7F09-F5DD-40F8-990C-E9EB63E6D529}.Debug|Any CPU.Build.0 = Debug|Any CPU
		{FE0C7F09-F5DD-40F8-990C-E9EB63E6D529}.Release|Any CPU.ActiveCfg = Release|Any CPU
		{FE0C7F09-F5DD-40F8-990C-E9EB63E6D529}.Release|Any CPU.Build.0 = Release|Any CPU
		{9F6941FE-C695-4BE3-9E87-12952C3206DD}.Debug|Any CPU.ActiveCfg = Debug|Any CPU
		{9F6941FE-C695-4BE3-9E87-12952C3206DD}.Debug|Any CPU.Build.0 = Debug|Any CPU
		{9F6941FE-C695-4BE3-9E87-12952C3206DD}.Release|Any CPU.ActiveCfg = Release|Any CPU
		{9F6941FE-C695-4BE3-9E87-12952C3206DD}.Release|Any CPU.Build.0 = Release|Any CPU
		{AF19E524-AF29-46A3-8A1C-61B1DE68287A}.Debug|Any CPU.ActiveCfg = Debug|Any CPU
		{AF19E524-AF29-46A3-8A1C-61B1DE68287A}.Debug|Any CPU.Build.0 = Debug|Any CPU
		{AF19E524-AF29-46A3-8A1C-61B1DE68287A}.Release|Any CPU.ActiveCfg = Release|Any CPU
		{AF19E524-AF29-46A3-8A1C-61B1DE68287A}.Release|Any CPU.Build.0 = Release|Any CPU
		{6A46D252-FF5C-448F-8E34-9EA468E405FC}.Debug|Any CPU.ActiveCfg = Debug|Any CPU
		{6A46D252-FF5C-448F-8E34-9EA468E405FC}.Debug|Any CPU.Build.0 = Debug|Any CPU
		{6A46D252-FF5C-448F-8E34-9EA468E405FC}.Release|Any CPU.ActiveCfg = Release|Any CPU
		{6A46D252-FF5C-448F-8E34-9EA468E405FC}.Release|Any CPU.Build.0 = Release|Any CPU
	EndGlobalSection
	GlobalSection(SolutionProperties) = preSolution
		HideSolutionNode = FALSE
	EndGlobalSection
	GlobalSection(ExtensibilityGlobals) = postSolution
		SolutionGuid = {66B8D816-6D2C-42E6-BF96-9A5B23B97935}
	EndGlobalSection
EndGlobal
